
Microsoft Visual Studio Solution File, Format Version 12.00
# Visual Studio 15
VisualStudioVersion = 15.0.28010.2003
MinimumVisualStudioVersion = 10.0.40219.1
Project("{FAE04EC0-301F-11D3-BF4B-00C04F79EFBC}") = "NamedArguments", "NamedArguments\NamedArguments.csproj", "{B8E4934A-294B-494B-AE33-8F7AD3D9E4C9}"
EndProject
Project("{2150E333-8FDC-42A3-9474-1A3956D46DE8}") = "Solution Items", "Solution Items", "{52CA083A-EE42-41A3-9ADD-9223809A7FE2}"
	ProjectSection(SolutionItems) = preProject
		BlogPost.md = BlogPost.md
	EndProjectSection
EndProject
Global
	GlobalSection(SolutionConfigurationPlatforms) = preSolution
		Debug|Any CPU = Debug|Any CPU
		Release|Any CPU = Release|Any CPU
	EndGlobalSection
	GlobalSection(ProjectConfigurationPlatforms) = postSolution
		{B8E4934A-294B-494B-AE33-8F7AD3D9E4C9}.Debug|Any CPU.ActiveCfg = Debug|Any CPU
		{B8E4934A-294B-494B-AE33-8F7AD3D9E4C9}.Debug|Any CPU.Build.0 = Debug|Any CPU
		{B8E4934A-294B-494B-AE33-8F7AD3D9E4C9}.Release|Any CPU.ActiveCfg = Release|Any CPU
		{B8E4934A-294B-494B-AE33-8F7AD3D9E4C9}.Release|Any CPU.Build.0 = Release|Any CPU
	EndGlobalSection
	GlobalSection(SolutionProperties) = preSolution
		HideSolutionNode = FALSE
	EndGlobalSection
	GlobalSection(ExtensibilityGlobals) = postSolution
		SolutionGuid = {57E663D3-7364-4015-9765-3EFF31060267}
	EndGlobalSection
EndGlobal
